
Microsoft Visual Studio Solution File, Format Version 12.00
# Visual Studio Version 17
VisualStudioVersion = 17.9.34607.119
MinimumVisualStudioVersion = 10.0.40219.1
Project("{FAE04EC0-301F-11D3-BF4B-00C04F79EFBC}") = "AspNetExample", "AspNetExample\AspNetExample.csproj", "{179D7514-397F-438D-872E-8CAE7FC56713}"
EndProject
Global
	GlobalSection(SolutionConfigurationPlatforms) = preSolution
		Debug|Any CPU = Debug|Any CPU
		Release|Any CPU = Release|Any CPU
	EndGlobalSection
	GlobalSection(ProjectConfigurationPlatforms) = postSolution
		{179D7514-397F-438D-872E-8CAE7FC56713}.Debug|Any CPU.ActiveCfg = Debug|Any CPU
		{179D7514-397F-438D-872E-8CAE7FC56713}.Debug|Any CPU.Build.0 = Debug|Any CPU
		{179D7514-397F-438D-872E-8CAE7FC56713}.Release|Any CPU.ActiveCfg = Release|Any CPU
		{179D7514-397F-438D-872E-8CAE7FC56713}.Release|Any CPU.Build.0 = Release|Any CPU
	EndGlobalSection
	GlobalSection(SolutionProperties) = preSolution
		HideSolutionNode = FALSE
	EndGlobalSection
	GlobalSection(ExtensibilityGlobals) = postSolution
		SolutionGuid = {746FA9E3-2D90-4A60-8087-8882D64DB43F}
	EndGlobalSection
EndGlobal
